
Microsoft Visual Studio Solution File, Format Version 12.00
# Visual Studio Version 17
VisualStudioVersion = 17.5.33627.172
MinimumVisualStudioVersion = 10.0.40219.1
Project("{9A19103F-16F7-4668-BE54-9A1E7A4F7556}") = "VivesBlog.Ui.Mvc", "VivesBlog.Ui.Mvc\VivesBlog.Ui.Mvc.csproj", "{C4751717-5DC3-4CEA-B804-DA45694748A6}"
EndProject
Project("{FAE04EC0-301F-11D3-BF4B-00C04F79EFBC}") = "VivesBlog.Services", "VivesBlog.Services\VivesBlog.Services.csproj", "{4E40BB60-A82F-4EC4-9739-DFD7BB4DA33C}"
EndProject
Project("{FAE04EC0-301F-11D3-BF4B-00C04F79EFBC}") = "VivesBlog.Core", "VivesBlog.Core\VivesBlog.Core.csproj", "{F3D92B2F-41CD-4C90-8470-E0805650C691}"
EndProject
Project("{FAE04EC0-301F-11D3-BF4B-00C04F79EFBC}") = "VivesBlog.Model", "VivesBlog.Model\VivesBlog.Model.csproj", "{8599BAB7-B792-4FC5-9E2C-7E5E57007FB9}"
EndProject
Global
	GlobalSection(SolutionConfigurationPlatforms) = preSolution
		Debug|Any CPU = Debug|Any CPU
		Release|Any CPU = Release|Any CPU
	EndGlobalSection
	GlobalSection(ProjectConfigurationPlatforms) = postSolution
		{C4751717-5DC3-4CEA-B804-DA45694748A6}.Debug|Any CPU.ActiveCfg = Debug|Any CPU
		{C4751717-5DC3-4CEA-B804-DA45694748A6}.Debug|Any CPU.Build.0 = Debug|Any CPU
		{C4751717-5DC3-4CEA-B804-DA45694748A6}.Release|Any CPU.ActiveCfg = Release|Any CPU
		{C4751717-5DC3-4CEA-B804-DA45694748A6}.Release|Any CPU.Build.0 = Release|Any CPU
		{4E40BB60-A82F-4EC4-9739-DFD7BB4DA33C}.Debug|Any CPU.ActiveCfg = Debug|Any CPU
		{4E40BB60-A82F-4EC4-9739-DFD7BB4DA33C}.Debug|Any CPU.Build.0 = Debug|Any CPU
		{4E40BB60-A82F-4EC4-9739-DFD7BB4DA33C}.Release|Any CPU.ActiveCfg = Release|Any CPU
		{4E40BB60-A82F-4EC4-9739-DFD7BB4DA33C}.Release|Any CPU.Build.0 = Release|Any CPU
		{F3D92B2F-41CD-4C90-8470-E0805650C691}.Debug|Any CPU.ActiveCfg = Debug|Any CPU
		{F3D92B2F-41CD-4C90-8470-E0805650C691}.Debug|Any CPU.Build.0 = Debug|Any CPU
		{F3D92B2F-41CD-4C90-8470-E0805650C691}.Release|Any CPU.ActiveCfg = Release|Any CPU
		{F3D92B2F-41CD-4C90-8470-E0805650C691}.Release|Any CPU.Build.0 = Release|Any CPU
		{8599BAB7-B792-4FC5-9E2C-7E5E57007FB9}.Debug|Any CPU.ActiveCfg = Debug|Any CPU
		{8599BAB7-B792-4FC5-9E2C-7E5E57007FB9}.Debug|Any CPU.Build.0 = Debug|Any CPU
		{8599BAB7-B792-4FC5-9E2C-7E5E57007FB9}.Release|Any CPU.ActiveCfg = Release|Any CPU
		{8599BAB7-B792-4FC5-9E2C-7E5E57007FB9}.Release|Any CPU.Build.0 = Release|Any CPU
	EndGlobalSection
	GlobalSection(SolutionProperties) = preSolution
		HideSolutionNode = FALSE
	EndGlobalSection
	GlobalSection(ExtensibilityGlobals) = postSolution
		SolutionGuid = {382BCBEA-D6E1-4813-94F1-449A8323614F}
	EndGlobalSection
EndGlobal
